# THIS IS AN AUTOGENERATED FILE. DO NOT EDIT THIS FILE DIRECTLY.
# yarn lockfile v1


babel-runtime@^6.23.0, babel-runtime@^6.25.0:
  version "6.25.0"
  resolved "https://registry.yarnpkg.com/babel-runtime/-/babel-runtime-6.25.0.tgz#33b98eaa5d482bb01a8d1aa6b437ad2b01aec41c"
  dependencies:
    core-js "^2.4.0"
    regenerator-runtime "^0.10.0"

cemento@^0.17.0:
  version "0.17.0"
  resolved "https://registry.yarnpkg.com/cemento/-/cemento-0.17.0.tgz#1518e17497e3cf1c46e4c13d1a25a3fc08768691"
  dependencies:
    babel-runtime "^6.23.0"
    harden "^0.23.0"
    kount "^0.12.0"

core-js@^2.4.0:
  version "2.5.0"
  resolved "https://registry.yarnpkg.com/core-js/-/core-js-2.5.0.tgz#569c050918be6486b3837552028ae0466b717086"

doubt@^0.34.0:
  version "0.34.0"
  resolved "https://registry.yarnpkg.com/doubt/-/doubt-0.34.0.tgz#beb094c9de111b5ad2a26d274eb83348386d7ef1"
  dependencies:
    babel-runtime "^6.23.0"
    cemento "^0.17.0"
    falzy "^0.23.0"
    harden "^0.23.0"
    stringe "^0.5.0"
    truly "^0.20.0"

empt@^0.27.0:
  version "0.27.0"
  resolved "https://registry.yarnpkg.com/empt/-/empt-0.27.0.tgz#1ef45015b5d2bdcb8e0daa4ceb6f23edbeb11b9e"
  dependencies:
    babel-runtime "^6.23.0"
    doubt "^0.34.0"
    kount "^0.12.0"

falzy@^0.23.0:
  version "0.23.0"
  resolved "https://registry.yarnpkg.com/falzy/-/falzy-0.23.0.tgz#fec52a7df6e80adaf47bb89d47ca5a714566b664"
  dependencies:
    babel-runtime "^6.23.0"

harden@^0.23.0:
  version "0.23.0"
  resolved "https://registry.yarnpkg.com/harden/-/harden-0.23.0.tgz#cfe6aaa2f30ad4b27d87fb3fe4a4090fca880b33"
  dependencies:
    babel-runtime "^6.23.0"

kount@^0.12.0:
  version "0.12.0"
  resolved "https://registry.yarnpkg.com/kount/-/kount-0.12.0.tgz#bc68c0c931b171383d846ede48e20c478af6a58d"
  dependencies:
    babel-runtime "^6.23.0"

regenerator-runtime@^0.10.0:
  version "0.10.5"
  resolved "https://registry.yarnpkg.com/regenerator-runtime/-/regenerator-runtime-0.10.5.tgz#336c3efc1220adcedda2c9fab67b5a7955a33658"

stringe@^0.5.0:
  version "0.5.0"
  resolved "https://registry.yarnpkg.com/stringe/-/stringe-0.5.0.tgz#7b2e25c7a652bb67dd2e573f203bb2a21d72e66d"
  dependencies:
    babel-runtime "^6.23.0"

truly@^0.20.0:
  version "0.20.0"
  resolved "https://registry.yarnpkg.com/truly/-/truly-0.20.0.tgz#d751565112b9408b3ea007ea7919e900d2856992"
  dependencies:
    babel-runtime "^6.23.0"
